// !$*UTF8*$!
{
	archiveVersion = 1;
	classes = {
	};
	objectVersion = 55;
	objects = {

/* Begin PBXBuildFile section */
		A00E5FEE28170E8500452705 /* .gitignore in Resources */ = {isa = PBXBuildFile; fileRef = A00E5FED28170E8500452705 /* .gitignore */; };
		A035DA3D2815C9E700CDEB74 /* AppDelegate.swift in Sources */ = {isa = PBXBuildFile; fileRef = A035DA3C2815C9E700CDEB74 /* AppDelegate.swift */; };
		A035DA3F2815C9E700CDEB74 /* SceneDelegate.swift in Sources */ = {isa = PBXBuildFile; fileRef = A035DA3E2815C9E700CDEB74 /* SceneDelegate.swift */; };
		A035DA412815C9E700CDEB74 /* MaterialsViewController.swift in Sources */ = {isa = PBXBuildFile; fileRef = A035DA402815C9E700CDEB74 /* MaterialsViewController.swift */; };
		A035DA462815C9E800CDEB74 /* Assets.xcassets in Resources */ = {isa = PBXBuildFile; fileRef = A035DA452815C9E800CDEB74 /* Assets.xcassets */; };
		A035DA492815C9E800CDEB74 /* LaunchScreen.storyboard in Resources */ = {isa = PBXBuildFile; fileRef = A035DA472815C9E800CDEB74 /* LaunchScreen.storyboard */; };
		A0BAC0092816D31400FA2770 /* OurMaterials.swift in Sources */ = {isa = PBXBuildFile; fileRef = A0BAC0082816D31400FA2770 /* OurMaterials.swift */; };
		A0BAC00B2816D37A00FA2770 /* MaterialsView.swift in Sources */ = {isa = PBXBuildFile; fileRef = A0BAC00A2816D37A00FA2770 /* MaterialsView.swift */; };
		D29EC7A42818945F0022D404 /* DetailScreen.swift in Sources */ = {isa = PBXBuildFile; fileRef = D29EC7A32818945F0022D404 /* DetailScreen.swift */; };
		D2B3FCD92817466500F2E28C /* CellCollectionView.swift in Sources */ = {isa = PBXBuildFile; fileRef = D2B3FCD82817466500F2E28C /* CellCollectionView.swift */; };
		D2B3FCDB281747AC00F2E28C /* MainMaterialsModel.swift in Sources */ = {isa = PBXBuildFile; fileRef = D2B3FCDA281747AC00F2E28C /* MainMaterialsModel.swift */; };
		D2DED84C28238819002DC2AB /* DetailInfoView.swift in Sources */ = {isa = PBXBuildFile; fileRef = D2DED84B28238819002DC2AB /* DetailInfoView.swift */; };
		D2F8A4EB28196A36000F3391 /* TabBar.swift in Sources */ = {isa = PBXBuildFile; fileRef = D2F8A4EA28196A36000F3391 /* TabBar.swift */; };
/* End PBXBuildFile section */

/* Begin PBXFileReference section */
		A00E5FED28170E8500452705 /* .gitignore */ = {isa = PBXFileReference; lastKnownFileType = text; path = .gitignore; sourceTree = "<group>"; };
		A035DA392815C9E700CDEB74 /* EasySwift-UIKit.app */ = {isa = PBXFileReference; explicitFileType = wrapper.application; includeInIndex = 0; path = "EasySwift-UIKit.app"; sourceTree = BUILT_PRODUCTS_DIR; };
		A035DA3C2815C9E700CDEB74 /* AppDelegate.swift */ = {isa = PBXFileReference; lastKnownFileType = sourcecode.swift; path = AppDelegate.swift; sourceTree = "<group>"; };
		A035DA3E2815C9E700CDEB74 /* SceneDelegate.swift */ = {isa = PBXFileReference; lastKnownFileType = sourcecode.swift; path = SceneDelegate.swift; sourceTree = "<group>"; };
		A035DA402815C9E700CDEB74 /* MaterialsViewController.swift */ = {isa = PBXFileReference; lastKnownFileType = sourcecode.swift; path = MaterialsViewController.swift; sourceTree = "<group>"; };
		A035DA452815C9E800CDEB74 /* Assets.xcassets */ = {isa = PBXFileReference; lastKnownFileType = folder.assetcatalog; path = Assets.xcassets; sourceTree = "<group>"; };
		A035DA482815C9E800CDEB74 /* Base */ = {isa = PBXFileReference; lastKnownFileType = file.storyboard; name = Base; path = Base.lproj/LaunchScreen.storyboard; sourceTree = "<group>"; };
		A035DA4A2815C9E800CDEB74 /* Info.plist */ = {isa = PBXFileReference; lastKnownFileType = text.plist.xml; path = Info.plist; sourceTree = "<group>"; };
		A0BAC0082816D31400FA2770 /* OurMaterials.swift */ = {isa = PBXFileReference; lastKnownFileType = sourcecode.swift; path = OurMaterials.swift; sourceTree = "<group>"; };
		A0BAC00A2816D37A00FA2770 /* MaterialsView.swift */ = {isa = PBXFileReference; lastKnownFileType = sourcecode.swift; path = MaterialsView.swift; sourceTree = "<group>"; };
		D29EC7A32818945F0022D404 /* DetailScreen.swift */ = {isa = PBXFileReference; lastKnownFileType = sourcecode.swift; path = DetailScreen.swift; sourceTree = "<group>"; };
		D2B3FCD82817466500F2E28C /* CellCollectionView.swift */ = {isa = PBXFileReference; lastKnownFileType = sourcecode.swift; path = CellCollectionView.swift; sourceTree = "<group>"; };
		D2B3FCDA281747AC00F2E28C /* MainMaterialsModel.swift */ = {isa = PBXFileReference; lastKnownFileType = sourcecode.swift; path = MainMaterialsModel.swift; sourceTree = "<group>"; };
		D2DED84B28238819002DC2AB /* DetailInfoView.swift */ = {isa = PBXFileReference; lastKnownFileType = sourcecode.swift; path = DetailInfoView.swift; sourceTree = "<group>"; };
		D2F8A4EA28196A36000F3391 /* TabBar.swift */ = {isa = PBXFileReference; lastKnownFileType = sourcecode.swift; path = TabBar.swift; sourceTree = "<group>"; };
/* End PBXFileReference section */

/* Begin PBXFrameworksBuildPhase section */
		A035DA362815C9E700CDEB74 /* Frameworks */ = {
			isa = PBXFrameworksBuildPhase;
			buildActionMask = 2147483647;
			files = (
			);
			runOnlyForDeploymentPostprocessing = 0;
		};
/* End PBXFrameworksBuildPhase section */

/* Begin PBXGroup section */
		A035DA302815C9E700CDEB74 = {
			isa = PBXGroup;
			children = (
				A00E5FED28170E8500452705 /* .gitignore */,
				A035DA3B2815C9E700CDEB74 /* EasySwift-UIKit */,
				A035DA3A2815C9E700CDEB74 /* Products */,
			);
			sourceTree = "<group>";
		};
		A035DA3A2815C9E700CDEB74 /* Products */ = {
			isa = PBXGroup;
			children = (
				A035DA392815C9E700CDEB74 /* EasySwift-UIKit.app */,
			);
			name = Products;
			sourceTree = "<group>";
		};
		A035DA3B2815C9E700CDEB74 /* EasySwift-UIKit */ = {
			isa = PBXGroup;
			children = (
				A035DA3C2815C9E700CDEB74 /* AppDelegate.swift */,
				A035DA3E2815C9E700CDEB74 /* SceneDelegate.swift */,
				A0BAC0042816D27700FA2770 /* Materials */,
				A035DA452815C9E800CDEB74 /* Assets.xcassets */,
				A035DA472815C9E800CDEB74 /* LaunchScreen.storyboard */,
				A035DA4A2815C9E800CDEB74 /* Info.plist */,
			);
			path = "EasySwift-UIKit";
			sourceTree = "<group>";
		};
		A0BAC0042816D27700FA2770 /* Materials */ = {
			isa = PBXGroup;
			children = (
				A0BAC0052816D2A900FA2770 /* Model */,
				A0BAC0062816D2AE00FA2770 /* View */,
				A0BAC0072816D2B100FA2770 /* Controller */,
			);
			path = Materials;
			sourceTree = "<group>";
		};
		A0BAC0052816D2A900FA2770 /* Model */ = {
			isa = PBXGroup;
			children = (
				A0BAC0082816D31400FA2770 /* OurMaterials.swift */,
				D2B3FCDA281747AC00F2E28C /* MainMaterialsModel.swift */,
			);
			path = Model;
			sourceTree = "<group>";
		};
		A0BAC0062816D2AE00FA2770 /* View */ = {
			isa = PBXGroup;
			children = (
				A0BAC00A2816D37A00FA2770 /* MaterialsView.swift */,
				D2DED84B28238819002DC2AB /* DetailInfoView.swift */,
				D29EC79E281893B50022D404 /* MaterialsScreenCellCollectionView */,
			);
			path = View;
			sourceTree = "<group>";
		};
		A0BAC0072816D2B100FA2770 /* Controller */ = {
			isa = PBXGroup;
			children = (
				A035DA402815C9E700CDEB74 /* MaterialsViewController.swift */,
				D29EC7A32818945F0022D404 /* DetailScreen.swift */,
				D2F8A4EA28196A36000F3391 /* TabBar.swift */,
			);
			path = Controller;
			sourceTree = "<group>";
		};
		D29EC79E281893B50022D404 /* MaterialsScreenCellCollectionView */ = {
			isa = PBXGroup;
			children = (
				D2B3FCD82817466500F2E28C /* CellCollectionView.swift */,
			);
			path = MaterialsScreenCellCollectionView;
			sourceTree = "<group>";
		};
/* End PBXGroup section */

/* Begin PBXNativeTarget section */
		A035DA382815C9E700CDEB74 /* EasySwift-UIKit */ = {
			isa = PBXNativeTarget;
			buildConfigurationList = A035DA4D2815C9E800CDEB74 /* Build configuration list for PBXNativeTarget "EasySwift-UIKit" */;
			buildPhases = (
				A035DA352815C9E700CDEB74 /* Sources */,
				A035DA362815C9E700CDEB74 /* Frameworks */,
				A035DA372815C9E700CDEB74 /* Resources */,
			);
			buildRules = (
			);
			dependencies = (
			);
			name = "EasySwift-UIKit";
			productName = "EasySwift-UIKit";
			productReference = A035DA392815C9E700CDEB74 /* EasySwift-UIKit.app */;
			productType = "com.apple.product-type.application";
		};
/* End PBXNativeTarget section */

/* Begin PBXProject section */
		A035DA312815C9E700CDEB74 /* Project object */ = {
			isa = PBXProject;
			attributes = {
				BuildIndependentTargetsInParallel = 1;
				LastSwiftUpdateCheck = 1320;
				LastUpgradeCheck = 1320;
				TargetAttributes = {
					A035DA382815C9E700CDEB74 = {
						CreatedOnToolsVersion = 13.2.1;
					};
				};
			};
			buildConfigurationList = A035DA342815C9E700CDEB74 /* Build configuration list for PBXProject "EasySwift-UIKit" */;
			compatibilityVersion = "Xcode 13.0";
			developmentRegion = en;
			hasScannedForEncodings = 0;
			knownRegions = (
				en,
				Base,
			);
			mainGroup = A035DA302815C9E700CDEB74;
			productRefGroup = A035DA3A2815C9E700CDEB74 /* Products */;
			projectDirPath = "";
			projectRoot = "";
			targets = (
				A035DA382815C9E700CDEB74 /* EasySwift-UIKit */,
			);
		};
/* End PBXProject section */

/* Begin PBXResourcesBuildPhase section */
		A035DA372815C9E700CDEB74 /* Resources */ = {
			isa = PBXResourcesBuildPhase;
			buildActionMask = 2147483647;
			files = (
				A035DA492815C9E800CDEB74 /* LaunchScreen.storyboard in Resources */,
				A00E5FEE28170E8500452705 /* .gitignore in Resources */,
				A035DA462815C9E800CDEB74 /* Assets.xcassets in Resources */,
			);
			runOnlyForDeploymentPostprocessing = 0;
		};
/* End PBXResourcesBuildPhase section */

/* Begin PBXSourcesBuildPhase section */
		A035DA352815C9E700CDEB74 /* Sources */ = {
			isa = PBXSourcesBuildPhase;
			buildActionMask = 2147483647;
			files = (
				D2F8A4EB28196A36000F3391 /* TabBar.swift in Sources */,
				A0BAC00B2816D37A00FA2770 /* MaterialsView.swift in Sources */,
				A035DA412815C9E700CDEB74 /* MaterialsViewController.swift in Sources */,
				D2B3FCD92817466500F2E28C /* CellCollectionView.swift in Sources */,
				A0BAC0092816D31400FA2770 /* OurMaterials.swift in Sources */,
				D29EC7A42818945F0022D404 /* DetailScreen.swift in Sources */,
				A035DA3D2815C9E700CDEB74 /* AppDelegate.swift in Sources */,
				D2DED84C28238819002DC2AB /* DetailInfoView.swift in Sources */,
				A035DA3F2815C9E700CDEB74 /* SceneDelegate.swift in Sources */,
				D2B3FCDB281747AC00F2E28C /* MainMaterialsModel.swift in Sources */,
			);
			runOnlyForDeploymentPostprocessing = 0;
		};
/* End PBXSourcesBuildPhase section */

/* Begin PBXVariantGroup section */
		A035DA472815C9E800CDEB74 /* LaunchScreen.storyboard */ = {
			isa = PBXVariantGroup;
			children = (
				A035DA482815C9E800CDEB74 /* Base */,
			);
			name = LaunchScreen.storyboard;
			sourceTree = "<group>";
		};
/* End PBXVariantGroup section */

/* Begin XCBuildConfiguration section */
		A035DA4B2815C9E800CDEB74 /* Debug */ = {
			isa = XCBuildConfiguration;
			buildSettings = {
				ALWAYS_SEARCH_USER_PATHS = NO;
				CLANG_ANALYZER_NONNULL = YES;
				CLANG_ANALYZER_NUMBER_OBJECT_CONVERSION = YES_AGGRESSIVE;
				CLANG_CXX_LANGUAGE_STANDARD = "gnu++17";
				CLANG_CXX_LIBRARY = "libc++";
				CLANG_ENABLE_MODULES = YES;
				CLANG_ENABLE_OBJC_ARC = YES;
				CLANG_ENABLE_OBJC_WEAK = YES;
				CLANG_WARN_BLOCK_CAPTURE_AUTORELEASING = YES;
				CLANG_WARN_BOOL_CONVERSION = YES;
				CLANG_WARN_COMMA = YES;
				CLANG_WARN_CONSTANT_CONVERSION = YES;
				CLANG_WARN_DEPRECATED_OBJC_IMPLEMENTATIONS = YES;
				CLANG_WARN_DIRECT_OBJC_ISA_USAGE = YES_ERROR;
				CLANG_WARN_DOCUMENTATION_COMMENTS = YES;
				CLANG_WARN_EMPTY_BODY = YES;
				CLANG_WARN_ENUM_CONVERSION = YES;
				CLANG_WARN_INFINITE_RECURSION = YES;
				CLANG_WARN_INT_CONVERSION = YES;
				CLANG_WARN_NON_LITERAL_NULL_CONVERSION = YES;
				CLANG_WARN_OBJC_IMPLICIT_RETAIN_SELF = YES;
				CLANG_WARN_OBJC_LITERAL_CONVERSION = YES;
				CLANG_WARN_OBJC_ROOT_CLASS = YES_ERROR;
				CLANG_WARN_QUOTED_INCLUDE_IN_FRAMEWORK_HEADER = YES;
				CLANG_WARN_RANGE_LOOP_ANALYSIS = YES;
				CLANG_WARN_STRICT_PROTOTYPES = YES;
				CLANG_WARN_SUSPICIOUS_MOVE = YES;
				CLANG_WARN_UNGUARDED_AVAILABILITY = YES_AGGRESSIVE;
				CLANG_WARN_UNREACHABLE_CODE = YES;
				CLANG_WARN__DUPLICATE_METHOD_MATCH = YES;
				COPY_PHASE_STRIP = NO;
				DEBUG_INFORMATION_FORMAT = dwarf;
				ENABLE_STRICT_OBJC_MSGSEND = YES;
				ENABLE_TESTABILITY = YES;
				GCC_C_LANGUAGE_STANDARD = gnu11;
				GCC_DYNAMIC_NO_PIC = NO;
				GCC_NO_COMMON_BLOCKS = YES;
				GCC_OPTIMIZATION_LEVEL = 0;
				GCC_PREPROCESSOR_DEFINITIONS = (
					"DEBUG=1",
					"$(inherited)",
				);
				GCC_WARN_64_TO_32_BIT_CONVERSION = YES;
				GCC_WARN_ABOUT_RETURN_TYPE = YES_ERROR;
				GCC_WARN_UNDECLARED_SELECTOR = YES;
				GCC_WARN_UNINITIALIZED_AUTOS = YES_AGGRESSIVE;
				GCC_WARN_UNUSED_FUNCTION = YES;
				GCC_WARN_UNUSED_VARIABLE = YES;
				IPHONEOS_DEPLOYMENT_TARGET = 15.2;
				MTL_ENABLE_DEBUG_INFO = INCLUDE_SOURCE;
				MTL_FAST_MATH = YES;
				ONLY_ACTIVE_ARCH = YES;
				SDKROOT = iphoneos;
				SWIFT_ACTIVE_COMPILATION_CONDITIONS = DEBUG;
				SWIFT_OPTIMIZATION_LEVEL = "-Onone";
			};
			name = Debug;
		};
		A035DA4C2815C9E800CDEB74 /* Release */ = {
			isa = XCBuildConfiguration;
			buildSettings = {
				ALWAYS_SEARCH_USER_PATHS = NO;
				CLANG_ANALYZER_NONNULL = YES;
				CLANG_ANALYZER_NUMBER_OBJECT_CONVERSION = YES_AGGRESSIVE;
				CLANG_CXX_LANGUAGE_STANDARD = "gnu++17";
				CLANG_CXX_LIBRARY = "libc++";
				CLANG_ENABLE_MODULES = YES;
				CLANG_ENABLE_OBJC_ARC = YES;
				CLANG_ENABLE_OBJC_WEAK = YES;
				CLANG_WARN_BLOCK_CAPTURE_AUTORELEASING = YES;
				CLANG_WARN_BOOL_CONVERSION = YES;
				CLANG_WARN_COMMA = YES;
				CLANG_WARN_CONSTANT_CONVERSION = YES;
				CLANG_WARN_DEPRECATED_OBJC_IMPLEMENTATIONS = YES;
				CLANG_WARN_DIRECT_OBJC_ISA_USAGE = YES_ERROR;
				CLANG_WARN_DOCUMENTATION_COMMENTS = YES;
				CLANG_WARN_EMPTY_BODY = YES;
				CLANG_WARN_ENUM_CONVERSION = YES;
				CLANG_WARN_INFINITE_RECURSION = YES;
				CLANG_WARN_INT_CONVERSION = YES;
				CLANG_WARN_NON_LITERAL_NULL_CONVERSION = YES;
				CLANG_WARN_OBJC_IMPLICIT_RETAIN_SELF = YES;
				CLANG_WARN_OBJC_LITERAL_CONVERSION = YES;
				CLANG_WARN_OBJC_ROOT_CLASS = YES_ERROR;
				CLANG_WARN_QUOTED_INCLUDE_IN_FRAMEWORK_HEADER = YES;
				CLANG_WARN_RANGE_LOOP_ANALYSIS = YES;
				CLANG_WARN_STRICT_PROTOTYPES = YES;
				CLANG_WARN_SUSPICIOUS_MOVE = YES;
				CLANG_WARN_UNGUARDED_AVAILABILITY = YES_AGGRESSIVE;
				CLANG_WARN_UNREACHABLE_CODE = YES;
				CLANG_WARN__DUPLICATE_METHOD_MATCH = YES;
				COPY_PHASE_STRIP = NO;
				DEBUG_INFORMATION_FORMAT = "dwarf-with-dsym";
				ENABLE_NS_ASSERTIONS = NO;
				ENABLE_STRICT_OBJC_MSGSEND = YES;
				GCC_C_LANGUAGE_STANDARD = gnu11;
				GCC_NO_COMMON_BLOCKS = YES;
				GCC_WARN_64_TO_32_BIT_CONVERSION = YES;
				GCC_WARN_ABOUT_RETURN_TYPE = YES_ERROR;
				GCC_WARN_UNDECLARED_SELECTOR = YES;
				GCC_WARN_UNINITIALIZED_AUTOS = YES_AGGRESSIVE;
				GCC_WARN_UNUSED_FUNCTION = YES;
				GCC_WARN_UNUSED_VARIABLE = YES;
				IPHONEOS_DEPLOYMENT_TARGET = 15.2;
				MTL_ENABLE_DEBUG_INFO = NO;
				MTL_FAST_MATH = YES;
				SDKROOT = iphoneos;
				SWIFT_COMPILATION_MODE = wholemodule;
				SWIFT_OPTIMIZATION_LEVEL = "-O";
				VALIDATE_PRODUCT = YES;
			};
			name = Release;
		};
		A035DA4E2815C9E800CDEB74 /* Debug */ = {
			isa = XCBuildConfiguration;
			buildSettings = {
				ASSETCATALOG_COMPILER_APPICON_NAME = AppIcon;
				ASSETCATALOG_COMPILER_GLOBAL_ACCENT_COLOR_NAME = AccentColor;
				CODE_SIGN_STYLE = Automatic;
				CURRENT_PROJECT_VERSION = 1;
				DEVELOPMENT_TEAM = UJ8B9FFXUA;
				GENERATE_INFOPLIST_FILE = YES;
				INFOPLIST_FILE = "EasySwift-UIKit/Info.plist";
				INFOPLIST_KEY_UIApplicationSupportsIndirectInputEvents = YES;
				INFOPLIST_KEY_UILaunchStoryboardName = LaunchScreen;
				INFOPLIST_KEY_UISupportedInterfaceOrientations_iPad = "UIInterfaceOrientationPortrait UIInterfaceOrientationPortraitUpsideDown UIInterfaceOrientationLandscapeLeft UIInterfaceOrientationLandscapeRight";
				INFOPLIST_KEY_UISupportedInterfaceOrientations_iPhone = "UIInterfaceOrientationPortrait UIInterfaceOrientationLandscapeLeft UIInterfaceOrientationLandscapeRight";
				LD_RUNPATH_SEARCH_PATHS = (
					"$(inherited)",
					"@executable_path/Frameworks",
				);
				MARKETING_VERSION = 1.0;
				PRODUCT_BUNDLE_IDENTIFIER = "lapinan.EasySwift-UIKit";
				PRODUCT_NAME = "$(TARGET_NAME)";
				SWIFT_EMIT_LOC_STRINGS = YES;
				SWIFT_VERSION = 5.0;
				TARGETED_DEVICE_FAMILY = "1,2";
			};
			name = Debug;
		};
		A035DA4F2815C9E800CDEB74 /* Release */ = {
			isa = XCBuildConfiguration;
			buildSettings = {
				ASSETCATALOG_COMPILER_APPICON_NAME = AppIcon;
				ASSETCATALOG_COMPILER_GLOBAL_ACCENT_COLOR_NAME = AccentColor;
				CODE_SIGN_STYLE = Automatic;
				CURRENT_PROJECT_VERSION = 1;
				DEVELOPMENT_TEAM = UJ8B9FFXUA;
				GENERATE_INFOPLIST_FILE = YES;
				INFOPLIST_FILE = "EasySwift-UIKit/Info.plist";
				INFOPLIST_KEY_UIApplicationSupportsIndirectInputEvents = YES;
				INFOPLIST_KEY_UILaunchStoryboardName = LaunchScreen;
				INFOPLIST_KEY_UISupportedInterfaceOrientations_iPad = "UIInterfaceOrientationPortrait UIInterfaceOrientationPortraitUpsideDown UIInterfaceOrientationLandscapeLeft UIInterfaceOrientationLandscapeRight";
				INFOPLIST_KEY_UISupportedInterfaceOrientations_iPhone = "UIInterfaceOrientationPortrait UIInterfaceOrientationLandscapeLeft UIInterfaceOrientationLandscapeRight";
				LD_RUNPATH_SEARCH_PATHS = (
					"$(inherited)",
					"@executable_path/Frameworks",
				);
				MARKETING_VERSION = 1.0;
				PRODUCT_BUNDLE_IDENTIFIER = "lapinan.EasySwift-UIKit";
				PRODUCT_NAME = "$(TARGET_NAME)";
				SWIFT_EMIT_LOC_STRINGS = YES;
				SWIFT_VERSION = 5.0;
				TARGETED_DEVICE_FAMILY = "1,2";
			};
			name = Release;
		};
/* End XCBuildConfiguration section */

/* Begin XCConfigurationList section */
		A035DA342815C9E700CDEB74 /* Build configuration list for PBXProject "EasySwift-UIKit" */ = {
			isa = XCConfigurationList;
			buildConfigurations = (
				A035DA4B2815C9E800CDEB74 /* Debug */,
				A035DA4C2815C9E800CDEB74 /* Release */,
			);
			defaultConfigurationIsVisible = 0;
			defaultConfigurationName = Release;
		};
		A035DA4D2815C9E800CDEB74 /* Build configuration list for PBXNativeTarget "EasySwift-UIKit" */ = {
			isa = XCConfigurationList;
			buildConfigurations = (
				A035DA4E2815C9E800CDEB74 /* Debug */,
				A035DA4F2815C9E800CDEB74 /* Release */,
			);
			defaultConfigurationIsVisible = 0;
			defaultConfigurationName = Release;
		};
/* End XCConfigurationList section */
	};
	rootObject = A035DA312815C9E700CDEB74 /* Project object */;
}
